
Microsoft Visual Studio Solution File, Format Version 12.00
# Visual Studio Version 17
VisualStudioVersion = 17.11.35327.3
MinimumVisualStudioVersion = 10.0.40219.1
Project("{FAE04EC0-301F-11D3-BF4B-00C04F79EFBC}") = "Teszt", "Teszt\Teszt.csproj", "{85291093-06C6-4585-A47B-5970891D0833}"
EndProject
Project("{FAE04EC0-301F-11D3-BF4B-00C04F79EFBC}") = "Rendezes", "Rendezés\Rendezes.csproj", "{593A8654-0641-4AD7-A6EC-59D680FFA997}"
EndProject
Project("{FAE04EC0-301F-11D3-BF4B-00C04F79EFBC}") = "Rendez", "Rendez\Rendez.csproj", "{0267801E-38A8-410B-8834-8C3C00AC5C5D}"
EndProject
Project("{2150E333-8FDC-42A3-9474-1A3956D46DE8}") = "ReiterLépés", "ReiterLépés", "{9E260617-DA0E-4C43-9B35-BA828A926053}"
EndProject
Project("{FAE04EC0-301F-11D3-BF4B-00C04F79EFBC}") = "Szorzótábla", "Szorzótábla\Szorzótábla.csproj", "{7A1AADD9-5314-47DF-B627-9960245162EE}"
EndProject
Project("{FAE04EC0-301F-11D3-BF4B-00C04F79EFBC}") = "Kalkulátor", "Kalkulátor\Kalkulátor.csproj", "{47F87E29-9BC1-493D-9579-8CA630999F67}"
EndProject
Project("{FAE04EC0-301F-11D3-BF4B-00C04F79EFBC}") = "PrePlusz", "PrePlusz\PrePlusz.csproj", "{E4B1105A-2DB6-48DA-AAC9-00081BA37B03}"
EndProject
Project("{FAE04EC0-301F-11D3-BF4B-00C04F79EFBC}") = "KőPapírOlló", "KőPapírOlló\KőPapírOlló.csproj", "{D216F417-D0BD-4C65-9780-FE77A16BA033}"
EndProject
Project("{FAE04EC0-301F-11D3-BF4B-00C04F79EFBC}") = "Számkitaláló", "Számkitaláló\Számkitaláló.csproj", "{A17E45EE-7B75-4F7D-8ECB-DA7D40D13E72}"
EndProject
Project("{FAE04EC0-301F-11D3-BF4B-00C04F79EFBC}") = "11-MinMax", "11-MinMax\11-MinMax.csproj", "{56B82B95-E316-482A-9C24-C5998F668919}"
EndProject
Project("{FAE04EC0-301F-11D3-BF4B-00C04F79EFBC}") = "Szigetek", "Szigetek\Szigetek.csproj", "{1BE1B526-6C91-4006-9E11-8E71CF326C6D}"
EndProject
Project("{FAE04EC0-301F-11D3-BF4B-00C04F79EFBC}") = "Hőmérséklet", "Hőmérséklet\Hőmérséklet.csproj", "{85050D72-DD6F-422C-84EE-0C7B7FBAEB3B}"
EndProject
Project("{2150E333-8FDC-42A3-9474-1A3956D46DE8}") = "2024-11-29", "2024-11-29", "{D42291D0-EB37-4A9C-9E99-AD384D4D942D}"
EndProject
Project("{2150E333-8FDC-42A3-9474-1A3956D46DE8}") = "2024-12-11", "2024-12-11", "{8CE88E0D-728D-48B6-A529-930B3C4A06D5}"
EndProject
Project("{2150E333-8FDC-42A3-9474-1A3956D46DE8}") = "2024-12-11-2", "2024-12-11-2", "{5DD88E5D-1698-4D09-AB47-E8F6C0F114EE}"
EndProject
Project("{2150E333-8FDC-42A3-9474-1A3956D46DE8}") = "2024-12-13", "2024-12-13", "{FCF3D218-4381-4E88-B572-7A0335C5A1FD}"
EndProject
Project("{2150E333-8FDC-42A3-9474-1A3956D46DE8}") = "2024-10-18", "2024-10-18", "{872467B1-BC87-476B-BCF7-8F0187B59C5F}"
EndProject
Project("{2150E333-8FDC-42A3-9474-1A3956D46DE8}") = "2024-10-25", "2024-10-25", "{1F5AC4CE-1C73-4DFB-A46D-19DDE29721D2}"
EndProject
Project("{FAE04EC0-301F-11D3-BF4B-00C04F79EFBC}") = "Szamsor", "Szamsor\Szamsor.csproj", "{3C9A4E7D-FA63-433A-AD24-B8793F2C707D}"
EndProject
Project("{FAE04EC0-301F-11D3-BF4B-00C04F79EFBC}") = "ParosSzamok", "ParosSzamok\ParosSzamok.csproj", "{A7A1BF71-7527-44C2-A07D-59B751D9A001}"
EndProject
Project("{FAE04EC0-301F-11D3-BF4B-00C04F79EFBC}") = "Osszegek", "Osszegek\Osszegek.csproj", "{CF30FFF9-08AF-45CC-AA1C-5FF9CC16F5AB}"
EndProject
Project("{FAE04EC0-301F-11D3-BF4B-00C04F79EFBC}") = "SzorzoTabla", "SzorzoTabla\SzorzoTabla.csproj", "{BA9B9CB3-7858-4FB5-B51B-5BF92D15FDF7}"
EndProject
Project("{FAE04EC0-301F-11D3-BF4B-00C04F79EFBC}") = "ForDitva", "ForDitva\ForDitva.csproj", "{C5241CE8-DA0D-42EA-90E6-77173FE08A00}"
EndProject
Project("{FAE04EC0-301F-11D3-BF4B-00C04F79EFBC}") = "Hatvany", "Hatvany\Hatvany.csproj", "{3C008F8B-9D73-4CBA-8DCD-82D24440087A}"
EndProject
Project("{FAE04EC0-301F-11D3-BF4B-00C04F79EFBC}") = "Kor", "Kor\Kor.csproj", "{D7295D4A-1241-4708-AF86-F28956F79F71}"
EndProject
Project("{FAE04EC0-301F-11D3-BF4B-00C04F79EFBC}") = "SzamInput", "SzamInput\SzamInput.csproj", "{E97EA4B4-99CE-4903-B3ED-BD7B795C875E}"
EndProject
Project("{FAE04EC0-301F-11D3-BF4B-00C04F79EFBC}") = "DoWhile", "DoWhile\DoWhile.csproj", "{4DD0BC86-FB2A-4099-81A5-4924B8AEC36F}"
EndProject
Project("{FAE04EC0-301F-11D3-BF4B-00C04F79EFBC}") = "Feltetel", "Feltetel\Feltetel.csproj", "{B8C35294-D838-4AF0-BF3C-CBEC05331E87}"
EndProject
Project("{FAE04EC0-301F-11D3-BF4B-00C04F79EFBC}") = "ForCiklus", "ForCiklus\ForCiklus.csproj", "{F666E533-80EB-4703-B021-D2C306777D8A}"
EndProject
Project("{FAE04EC0-301F-11D3-BF4B-00C04F79EFBC}") = "Hanyados", "Hanyados\Hanyados.csproj", "{C05C6936-739D-4182-80BD-102BD9A7C8E2}"
EndProject
Project("{FAE04EC0-301F-11D3-BF4B-00C04F79EFBC}") = "HaromszogVizsgalat", "HaromszogVizsgalat\HaromszogVizsgalat.csproj", "{0300C885-5C19-4DBB-B3F4-8CA1ACF11168}"
EndProject
Project("{2150E333-8FDC-42A3-9474-1A3956D46DE8}") = "2025-01-24", "2025-01-24", "{22AB83BC-CABA-473B-875F-87B57B1F45FE}"
EndProject
Project("{FAE04EC0-301F-11D3-BF4B-00C04F79EFBC}") = "Randomszam", "Randomszam\Randomszam.csproj", "{BBB96CC7-50CB-4BF7-A345-33EC70583A07}"
EndProject
Project("{FAE04EC0-301F-11D3-BF4B-00C04F79EFBC}") = "While", "While\While.csproj", "{E5E194A0-0AF5-43E2-AD13-8D73AEA2B838}"
EndProject
Project("{FAE04EC0-301F-11D3-BF4B-00C04F79EFBC}") = "Primszam", "Primszam\Primszam.csproj", "{46551BC4-3365-4609-A10D-C8281CBE590E}"
EndProject
Project("{FAE04EC0-301F-11D3-BF4B-00C04F79EFBC}") = "MobilSzam", "MobilSzam\MobilSzam.csproj", "{9D286E26-9EBA-45FA-9A5B-0A87AF67EB76}"
EndProject
Project("{FAE04EC0-301F-11D3-BF4B-00C04F79EFBC}") = "RandPar", "RandPar\RandPar.csproj", "{DA2BDDA4-DC2A-4808-A42C-E05FF359C0FD}"
EndProject
Project("{FAE04EC0-301F-11D3-BF4B-00C04F79EFBC}") = "MinMax", "MinMax\MinMax.csproj", "{A387D1D2-359C-4A3A-A564-F1CD9D5E4933}"
EndProject
Project("{FAE04EC0-301F-11D3-BF4B-00C04F79EFBC}") = "Tombok", "Tombok\Tombok.csproj", "{99F2F714-5B29-4D46-9C7A-6DC998A4B13E}"
EndProject
Project("{2150E333-8FDC-42A3-9474-1A3956D46DE8}") = "Feladatok", "Feladatok", "{592ACB27-4F8B-4410-92DF-C220F5A0A8C5}"
EndProject
Project("{FAE04EC0-301F-11D3-BF4B-00C04F79EFBC}") = "Vektor", "Vektor\Vektor.csproj", "{742E982C-9E69-4662-AAB9-4F905A8FFDFB}"
EndProject
Project("{FAE04EC0-301F-11D3-BF4B-00C04F79EFBC}") = "MatrixBill", "MatrixBill\MatrixBill.csproj", "{B13B26A2-4EB8-4DEB-8554-67A64831596E}"
EndProject
Project("{FAE04EC0-301F-11D3-BF4B-00C04F79EFBC}") = "Csillag", "Csillag\Csillag.csproj", "{39CBF5AA-E2ED-4F0E-B80C-E1E865766268}"
EndProject
Project("{2150E333-8FDC-42A3-9474-1A3956D46DE8}") = "2025-01-15", "2025-01-15", "{346271C2-C212-4849-BB89-A037540F1303}"
EndProject
Project("{2150E333-8FDC-42A3-9474-1A3956D46DE8}") = "2025-01-22", "2025-01-22", "{2B66E9E6-3446-4525-948C-0DC8EF9DDC0B}"
EndProject
Project("{2150E333-8FDC-42A3-9474-1A3956D46DE8}") = "2025-02-26", "2025-02-26", "{1FAF24B4-2956-4101-B4E3-0B945BDF9104}"
EndProject
Project("{2150E333-8FDC-42A3-9474-1A3956D46DE8}") = "2025-01-10", "2025-01-10", "{151CB832-1A30-4F96-9C83-747BC029DF4F}"
EndProject
Project("{2150E333-8FDC-42A3-9474-1A3956D46DE8}") = "2025-01-08", "2025-01-08", "{D5E3FB9D-25E0-4C1E-B3CF-96F78983B636}"
EndProject
Project("{2150E333-8FDC-42A3-9474-1A3956D46DE8}") = "2025-02-19", "2025-02-19", "{950DB740-82BC-426A-AD6A-86E287D437C2}"
EndProject
Project("{FAE04EC0-301F-11D3-BF4B-00C04F79EFBC}") = "Fajlkezeles", "Fajlkezeles\Fajlkezeles.csproj", "{391A5DE9-FE1D-4594-8120-C19E8A0755A9}"
EndProject
Project("{2150E333-8FDC-42A3-9474-1A3956D46DE8}") = "2025-03-12", "2025-03-12", "{D4CD5B38-CD0F-4DCD-89DD-57DAAACCA8C7}"
EndProject
Project("{FAE04EC0-301F-11D3-BF4B-00C04F79EFBC}") = "Tegla", "Tegla\Tegla.csproj", "{6F8EB51C-1DF7-4720-902E-DC0E52588D99}"
EndProject
Project("{FAE04EC0-301F-11D3-BF4B-00C04F79EFBC}") = "Paros", "Paros\Paros.csproj", "{E208E573-73EB-4052-9F7B-BF2080FC9BC6}"
EndProject
Project("{FAE04EC0-301F-11D3-BF4B-00C04F79EFBC}") = "ZartSzelveny", "ZartSzelveny\ZartSzelveny.csproj", "{EFB55CF1-5516-4E79-8F69-E4B936A6EB22}"
EndProject
Project("{2150E333-8FDC-42A3-9474-1A3956D46DE8}") = "2025-03-19", "2025-03-19", "{FE320E2F-95DA-4D1F-8E95-1B08A6795626}"
EndProject
Project("{FAE04EC0-301F-11D3-BF4B-00C04F79EFBC}") = "Kivetel", "Kivetel\Kivetel.csproj", "{E6C2494C-D17A-4E96-B61A-F4C01A97388A}"
EndProject
Project("{2150E333-8FDC-42A3-9474-1A3956D46DE8}") = "2025-03-26", "2025-03-26", "{DACC42EC-DBF9-4DA0-914C-15FF3E8FE7BE}"
EndProject
Project("{FAE04EC0-301F-11D3-BF4B-00C04F79EFBC}") = "TryCiklus", "TryCiklus\TryCiklus.csproj", "{5BDA3300-BB25-4FB7-95AC-5C5190107D9D}"
EndProject
Project("{2150E333-8FDC-42A3-9474-1A3956D46DE8}") = "2025-03-28", "2025-03-28", "{818DAF29-A166-4F5C-AFE3-781DB916B677}"
EndProject
Project("{FAE04EC0-301F-11D3-BF4B-00C04F79EFBC}") = "Osztas", "Osztas\Osztas.csproj", "{7662C332-916C-43C5-92CE-2669BFC9CFDA}"
EndProject
Project("{2150E333-8FDC-42A3-9474-1A3956D46DE8}") = "2025-04-02", "2025-04-02", "{E680CD1C-0BDD-44F9-B06D-394C20C9F5C6}"
EndProject
Project("{2150E333-8FDC-42A3-9474-1A3956D46DE8}") = "2025-04-16", "2025-04-16", "{5633766B-9643-4BC3-9B04-8EE151E02D39}"
EndProject
Project("{2150E333-8FDC-42A3-9474-1A3956D46DE8}") = "2025-05-09", "2025-05-09", "{3F10A1DC-AABF-4CA1-99FC-1FA8222C436B}"
EndProject
Project("{2150E333-8FDC-42A3-9474-1A3956D46DE8}") = "2025-05-21", "2025-05-21", "{49D9156C-A531-4B61-9770-DE7C708DA212}"
EndProject
Project("{FAE04EC0-301F-11D3-BF4B-00C04F79EFBC}") = "Tombn01", "Tombn01\Tombn01.csproj", "{16D4EC1F-557D-4898-B8A3-EC1860607699}"
EndProject
Project("{FAE04EC0-301F-11D3-BF4B-00C04F79EFBC}") = "StringTomb", "StringTomb\StringTomb.csproj", "{F7748671-C4AC-408A-809F-EFE5E4F36B50}"
EndProject
Global
	GlobalSection(SolutionConfigurationPlatforms) = preSolution
		Debug|Any CPU = Debug|Any CPU
		Release|Any CPU = Release|Any CPU
	EndGlobalSection
	GlobalSection(ProjectConfigurationPlatforms) = postSolution
		{85291093-06C6-4585-A47B-5970891D0833}.Debug|Any CPU.ActiveCfg = Debug|Any CPU
		{85291093-06C6-4585-A47B-5970891D0833}.Debug|Any CPU.Build.0 = Debug|Any CPU
		{85291093-06C6-4585-A47B-5970891D0833}.Release|Any CPU.ActiveCfg = Release|Any CPU
		{85291093-06C6-4585-A47B-5970891D0833}.Release|Any CPU.Build.0 = Release|Any CPU
		{593A8654-0641-4AD7-A6EC-59D680FFA997}.Debug|Any CPU.ActiveCfg = Debug|Any CPU
		{593A8654-0641-4AD7-A6EC-59D680FFA997}.Debug|Any CPU.Build.0 = Debug|Any CPU
		{593A8654-0641-4AD7-A6EC-59D680FFA997}.Release|Any CPU.ActiveCfg = Release|Any CPU
		{593A8654-0641-4AD7-A6EC-59D680FFA997}.Release|Any CPU.Build.0 = Release|Any CPU
		{0267801E-38A8-410B-8834-8C3C00AC5C5D}.Debug|Any CPU.ActiveCfg = Debug|Any CPU
		{0267801E-38A8-410B-8834-8C3C00AC5C5D}.Debug|Any CPU.Build.0 = Debug|Any CPU
		{0267801E-38A8-410B-8834-8C3C00AC5C5D}.Release|Any CPU.ActiveCfg = Release|Any CPU
		{0267801E-38A8-410B-8834-8C3C00AC5C5D}.Release|Any CPU.Build.0 = Release|Any CPU
		{7A1AADD9-5314-47DF-B627-9960245162EE}.Debug|Any CPU.ActiveCfg = Debug|Any CPU
		{7A1AADD9-5314-47DF-B627-9960245162EE}.Debug|Any CPU.Build.0 = Debug|Any CPU
		{7A1AADD9-5314-47DF-B627-9960245162EE}.Release|Any CPU.ActiveCfg = Release|Any CPU
		{7A1AADD9-5314-47DF-B627-9960245162EE}.Release|Any CPU.Build.0 = Release|Any CPU
		{47F87E29-9BC1-493D-9579-8CA630999F67}.Debug|Any CPU.ActiveCfg = Debug|Any CPU
		{47F87E29-9BC1-493D-9579-8CA630999F67}.Debug|Any CPU.Build.0 = Debug|Any CPU
		{47F87E29-9BC1-493D-9579-8CA630999F67}.Release|Any CPU.ActiveCfg = Release|Any CPU
		{47F87E29-9BC1-493D-9579-8CA630999F67}.Release|Any CPU.Build.0 = Release|Any CPU
		{E4B1105A-2DB6-48DA-AAC9-00081BA37B03}.Debug|Any CPU.ActiveCfg = Debug|Any CPU
		{E4B1105A-2DB6-48DA-AAC9-00081BA37B03}.Debug|Any CPU.Build.0 = Debug|Any CPU
		{E4B1105A-2DB6-48DA-AAC9-00081BA37B03}.Release|Any CPU.ActiveCfg = Release|Any CPU
		{E4B1105A-2DB6-48DA-AAC9-00081BA37B03}.Release|Any CPU.Build.0 = Release|Any CPU
		{D216F417-D0BD-4C65-9780-FE77A16BA033}.Debug|Any CPU.ActiveCfg = Debug|Any CPU
		{D216F417-D0BD-4C65-9780-FE77A16BA033}.Debug|Any CPU.Build.0 = Debug|Any CPU
		{D216F417-D0BD-4C65-9780-FE77A16BA033}.Release|Any CPU.ActiveCfg = Release|Any CPU
		{D216F417-D0BD-4C65-9780-FE77A16BA033}.Release|Any CPU.Build.0 = Release|Any CPU
		{A17E45EE-7B75-4F7D-8ECB-DA7D40D13E72}.Debug|Any CPU.ActiveCfg = Debug|Any CPU
		{A17E45EE-7B75-4F7D-8ECB-DA7D40D13E72}.Debug|Any CPU.Build.0 = Debug|Any CPU
		{A17E45EE-7B75-4F7D-8ECB-DA7D40D13E72}.Release|Any CPU.ActiveCfg = Release|Any CPU
		{A17E45EE-7B75-4F7D-8ECB-DA7D40D13E72}.Release|Any CPU.Build.0 = Release|Any CPU
		{56B82B95-E316-482A-9C24-C5998F668919}.Debug|Any CPU.ActiveCfg = Debug|Any CPU
		{56B82B95-E316-482A-9C24-C5998F668919}.Debug|Any CPU.Build.0 = Debug|Any CPU
		{56B82B95-E316-482A-9C24-C5998F668919}.Release|Any CPU.ActiveCfg = Release|Any CPU
		{56B82B95-E316-482A-9C24-C5998F668919}.Release|Any CPU.Build.0 = Release|Any CPU
		{1BE1B526-6C91-4006-9E11-8E71CF326C6D}.Debug|Any CPU.ActiveCfg = Debug|Any CPU
		{1BE1B526-6C91-4006-9E11-8E71CF326C6D}.Debug|Any CPU.Build.0 = Debug|Any CPU
		{1BE1B526-6C91-4006-9E11-8E71CF326C6D}.Release|Any CPU.ActiveCfg = Release|Any CPU
		{1BE1B526-6C91-4006-9E11-8E71CF326C6D}.Release|Any CPU.Build.0 = Release|Any CPU
		{85050D72-DD6F-422C-84EE-0C7B7FBAEB3B}.Debug|Any CPU.ActiveCfg = Debug|Any CPU
		{85050D72-DD6F-422C-84EE-0C7B7FBAEB3B}.Debug|Any CPU.Build.0 = Debug|Any CPU
		{85050D72-DD6F-422C-84EE-0C7B7FBAEB3B}.Release|Any CPU.ActiveCfg = Release|Any CPU
		{85050D72-DD6F-422C-84EE-0C7B7FBAEB3B}.Release|Any CPU.Build.0 = Release|Any CPU
		{3C9A4E7D-FA63-433A-AD24-B8793F2C707D}.Debug|Any CPU.ActiveCfg = Debug|Any CPU
		{3C9A4E7D-FA63-433A-AD24-B8793F2C707D}.Debug|Any CPU.Build.0 = Debug|Any CPU
		{3C9A4E7D-FA63-433A-AD24-B8793F2C707D}.Release|Any CPU.ActiveCfg = Release|Any CPU
		{3C9A4E7D-FA63-433A-AD24-B8793F2C707D}.Release|Any CPU.Build.0 = Release|Any CPU
		{A7A1BF71-7527-44C2-A07D-59B751D9A001}.Debug|Any CPU.ActiveCfg = Debug|Any CPU
		{A7A1BF71-7527-44C2-A07D-59B751D9A001}.Debug|Any CPU.Build.0 = Debug|Any CPU
		{A7A1BF71-7527-44C2-A07D-59B751D9A001}.Release|Any CPU.ActiveCfg = Release|Any CPU
		{A7A1BF71-7527-44C2-A07D-59B751D9A001}.Release|Any CPU.Build.0 = Release|Any CPU
		{CF30FFF9-08AF-45CC-AA1C-5FF9CC16F5AB}.Debug|Any CPU.ActiveCfg = Debug|Any CPU
		{CF30FFF9-08AF-45CC-AA1C-5FF9CC16F5AB}.Debug|Any CPU.Build.0 = Debug|Any CPU
		{CF30FFF9-08AF-45CC-AA1C-5FF9CC16F5AB}.Release|Any CPU.ActiveCfg = Release|Any CPU
		{CF30FFF9-08AF-45CC-AA1C-5FF9CC16F5AB}.Release|Any CPU.Build.0 = Release|Any CPU
		{BA9B9CB3-7858-4FB5-B51B-5BF92D15FDF7}.Debug|Any CPU.ActiveCfg = Debug|Any CPU
		{BA9B9CB3-7858-4FB5-B51B-5BF92D15FDF7}.Debug|Any CPU.Build.0 = Debug|Any CPU
		{BA9B9CB3-7858-4FB5-B51B-5BF92D15FDF7}.Release|Any CPU.ActiveCfg = Release|Any CPU
		{BA9B9CB3-7858-4FB5-B51B-5BF92D15FDF7}.Release|Any CPU.Build.0 = Release|Any CPU
		{C5241CE8-DA0D-42EA-90E6-77173FE08A00}.Debug|Any CPU.ActiveCfg = Debug|Any CPU
		{C5241CE8-DA0D-42EA-90E6-77173FE08A00}.Debug|Any CPU.Build.0 = Debug|Any CPU
		{C5241CE8-DA0D-42EA-90E6-77173FE08A00}.Release|Any CPU.ActiveCfg = Release|Any CPU
		{C5241CE8-DA0D-42EA-90E6-77173FE08A00}.Release|Any CPU.Build.0 = Release|Any CPU
		{3C008F8B-9D73-4CBA-8DCD-82D24440087A}.Debug|Any CPU.ActiveCfg = Debug|Any CPU
		{3C008F8B-9D73-4CBA-8DCD-82D24440087A}.Debug|Any CPU.Build.0 = Debug|Any CPU
		{3C008F8B-9D73-4CBA-8DCD-82D24440087A}.Release|Any CPU.ActiveCfg = Release|Any CPU
		{3C008F8B-9D73-4CBA-8DCD-82D24440087A}.Release|Any CPU.Build.0 = Release|Any CPU
		{D7295D4A-1241-4708-AF86-F28956F79F71}.Debug|Any CPU.ActiveCfg = Debug|Any CPU
		{D7295D4A-1241-4708-AF86-F28956F79F71}.Debug|Any CPU.Build.0 = Debug|Any CPU
		{D7295D4A-1241-4708-AF86-F28956F79F71}.Release|Any CPU.ActiveCfg = Release|Any CPU
		{D7295D4A-1241-4708-AF86-F28956F79F71}.Release|Any CPU.Build.0 = Release|Any CPU
		{E97EA4B4-99CE-4903-B3ED-BD7B795C875E}.Debug|Any CPU.ActiveCfg = Debug|Any CPU
		{E97EA4B4-99CE-4903-B3ED-BD7B795C875E}.Debug|Any CPU.Build.0 = Debug|Any CPU
		{E97EA4B4-99CE-4903-B3ED-BD7B795C875E}.Release|Any CPU.ActiveCfg = Release|Any CPU
		{E97EA4B4-99CE-4903-B3ED-BD7B795C875E}.Release|Any CPU.Build.0 = Release|Any CPU
		{4DD0BC86-FB2A-4099-81A5-4924B8AEC36F}.Debug|Any CPU.ActiveCfg = Debug|Any CPU
		{4DD0BC86-FB2A-4099-81A5-4924B8AEC36F}.Debug|Any CPU.Build.0 = Debug|Any CPU
		{4DD0BC86-FB2A-4099-81A5-4924B8AEC36F}.Release|Any CPU.ActiveCfg = Release|Any CPU
		{4DD0BC86-FB2A-4099-81A5-4924B8AEC36F}.Release|Any CPU.Build.0 = Release|Any CPU
		{B8C35294-D838-4AF0-BF3C-CBEC05331E87}.Debug|Any CPU.ActiveCfg = Debug|Any CPU
		{B8C35294-D838-4AF0-BF3C-CBEC05331E87}.Debug|Any CPU.Build.0 = Debug|Any CPU
		{B8C35294-D838-4AF0-BF3C-CBEC05331E87}.Release|Any CPU.ActiveCfg = Release|Any CPU
		{B8C35294-D838-4AF0-BF3C-CBEC05331E87}.Release|Any CPU.Build.0 = Release|Any CPU
		{F666E533-80EB-4703-B021-D2C306777D8A}.Debug|Any CPU.ActiveCfg = Debug|Any CPU
		{F666E533-80EB-4703-B021-D2C306777D8A}.Debug|Any CPU.Build.0 = Debug|Any CPU
		{F666E533-80EB-4703-B021-D2C306777D8A}.Release|Any CPU.ActiveCfg = Release|Any CPU
		{F666E533-80EB-4703-B021-D2C306777D8A}.Release|Any CPU.Build.0 = Release|Any CPU
		{C05C6936-739D-4182-80BD-102BD9A7C8E2}.Debug|Any CPU.ActiveCfg = Debug|Any CPU
		{C05C6936-739D-4182-80BD-102BD9A7C8E2}.Debug|Any CPU.Build.0 = Debug|Any CPU
		{C05C6936-739D-4182-80BD-102BD9A7C8E2}.Release|Any CPU.ActiveCfg = Release|Any CPU
		{C05C6936-739D-4182-80BD-102BD9A7C8E2}.Release|Any CPU.Build.0 = Release|Any CPU
		{0300C885-5C19-4DBB-B3F4-8CA1ACF11168}.Debug|Any CPU.ActiveCfg = Debug|Any CPU
		{0300C885-5C19-4DBB-B3F4-8CA1ACF11168}.Debug|Any CPU.Build.0 = Debug|Any CPU
		{0300C885-5C19-4DBB-B3F4-8CA1ACF11168}.Release|Any CPU.ActiveCfg = Release|Any CPU
		{0300C885-5C19-4DBB-B3F4-8CA1ACF11168}.Release|Any CPU.Build.0 = Release|Any CPU
		{BBB96CC7-50CB-4BF7-A345-33EC70583A07}.Debug|Any CPU.ActiveCfg = Debug|Any CPU
		{BBB96CC7-50CB-4BF7-A345-33EC70583A07}.Debug|Any CPU.Build.0 = Debug|Any CPU
		{BBB96CC7-50CB-4BF7-A345-33EC70583A07}.Release|Any CPU.ActiveCfg = Release|Any CPU
		{BBB96CC7-50CB-4BF7-A345-33EC70583A07}.Release|Any CPU.Build.0 = Release|Any CPU
		{E5E194A0-0AF5-43E2-AD13-8D73AEA2B838}.Debug|Any CPU.ActiveCfg = Debug|Any CPU
		{E5E194A0-0AF5-43E2-AD13-8D73AEA2B838}.Debug|Any CPU.Build.0 = Debug|Any CPU
		{E5E194A0-0AF5-43E2-AD13-8D73AEA2B838}.Release|Any CPU.ActiveCfg = Release|Any CPU
		{E5E194A0-0AF5-43E2-AD13-8D73AEA2B838}.Release|Any CPU.Build.0 = Release|Any CPU
		{46551BC4-3365-4609-A10D-C8281CBE590E}.Debug|Any CPU.ActiveCfg = Debug|Any CPU
		{46551BC4-3365-4609-A10D-C8281CBE590E}.Debug|Any CPU.Build.0 = Debug|Any CPU
		{46551BC4-3365-4609-A10D-C8281CBE590E}.Release|Any CPU.ActiveCfg = Release|Any CPU
		{46551BC4-3365-4609-A10D-C8281CBE590E}.Release|Any CPU.Build.0 = Release|Any CPU
		{9D286E26-9EBA-45FA-9A5B-0A87AF67EB76}.Debug|Any CPU.ActiveCfg = Debug|Any CPU
		{9D286E26-9EBA-45FA-9A5B-0A87AF67EB76}.Debug|Any CPU.Build.0 = Debug|Any CPU
		{9D286E26-9EBA-45FA-9A5B-0A87AF67EB76}.Release|Any CPU.ActiveCfg = Release|Any CPU
		{9D286E26-9EBA-45FA-9A5B-0A87AF67EB76}.Release|Any CPU.Build.0 = Release|Any CPU
		{DA2BDDA4-DC2A-4808-A42C-E05FF359C0FD}.Debug|Any CPU.ActiveCfg = Debug|Any CPU
		{DA2BDDA4-DC2A-4808-A42C-E05FF359C0FD}.Debug|Any CPU.Build.0 = Debug|Any CPU
		{DA2BDDA4-DC2A-4808-A42C-E05FF359C0FD}.Release|Any CPU.ActiveCfg = Release|Any CPU
		{DA2BDDA4-DC2A-4808-A42C-E05FF359C0FD}.Release|Any CPU.Build.0 = Release|Any CPU
		{A387D1D2-359C-4A3A-A564-F1CD9D5E4933}.Debug|Any CPU.ActiveCfg = Debug|Any CPU
		{A387D1D2-359C-4A3A-A564-F1CD9D5E4933}.Debug|Any CPU.Build.0 = Debug|Any CPU
		{A387D1D2-359C-4A3A-A564-F1CD9D5E4933}.Release|Any CPU.ActiveCfg = Release|Any CPU
		{A387D1D2-359C-4A3A-A564-F1CD9D5E4933}.Release|Any CPU.Build.0 = Release|Any CPU
		{99F2F714-5B29-4D46-9C7A-6DC998A4B13E}.Debug|Any CPU.ActiveCfg = Debug|Any CPU
		{99F2F714-5B29-4D46-9C7A-6DC998A4B13E}.Debug|Any CPU.Build.0 = Debug|Any CPU
		{99F2F714-5B29-4D46-9C7A-6DC998A4B13E}.Release|Any CPU.ActiveCfg = Release|Any CPU
		{99F2F714-5B29-4D46-9C7A-6DC998A4B13E}.Release|Any CPU.Build.0 = Release|Any CPU
		{742E982C-9E69-4662-AAB9-4F905A8FFDFB}.Debug|Any CPU.ActiveCfg = Debug|Any CPU
		{742E982C-9E69-4662-AAB9-4F905A8FFDFB}.Debug|Any CPU.Build.0 = Debug|Any CPU
		{742E982C-9E69-4662-AAB9-4F905A8FFDFB}.Release|Any CPU.ActiveCfg = Release|Any CPU
		{742E982C-9E69-4662-AAB9-4F905A8FFDFB}.Release|Any CPU.Build.0 = Release|Any CPU
		{B13B26A2-4EB8-4DEB-8554-67A64831596E}.Debug|Any CPU.ActiveCfg = Debug|Any CPU
		{B13B26A2-4EB8-4DEB-8554-67A64831596E}.Debug|Any CPU.Build.0 = Debug|Any CPU
		{B13B26A2-4EB8-4DEB-8554-67A64831596E}.Release|Any CPU.ActiveCfg = Release|Any CPU
		{B13B26A2-4EB8-4DEB-8554-67A64831596E}.Release|Any CPU.Build.0 = Release|Any CPU
		{39CBF5AA-E2ED-4F0E-B80C-E1E865766268}.Debug|Any CPU.ActiveCfg = Debug|Any CPU
		{39CBF5AA-E2ED-4F0E-B80C-E1E865766268}.Debug|Any CPU.Build.0 = Debug|Any CPU
		{39CBF5AA-E2ED-4F0E-B80C-E1E865766268}.Release|Any CPU.ActiveCfg = Release|Any CPU
		{39CBF5AA-E2ED-4F0E-B80C-E1E865766268}.Release|Any CPU.Build.0 = Release|Any CPU
		{391A5DE9-FE1D-4594-8120-C19E8A0755A9}.Debug|Any CPU.ActiveCfg = Debug|Any CPU
		{391A5DE9-FE1D-4594-8120-C19E8A0755A9}.Debug|Any CPU.Build.0 = Debug|Any CPU
		{391A5DE9-FE1D-4594-8120-C19E8A0755A9}.Release|Any CPU.ActiveCfg = Release|Any CPU
		{391A5DE9-FE1D-4594-8120-C19E8A0755A9}.Release|Any CPU.Build.0 = Release|Any CPU
		{6F8EB51C-1DF7-4720-902E-DC0E52588D99}.Debug|Any CPU.ActiveCfg = Debug|Any CPU
		{6F8EB51C-1DF7-4720-902E-DC0E52588D99}.Debug|Any CPU.Build.0 = Debug|Any CPU
		{6F8EB51C-1DF7-4720-902E-DC0E52588D99}.Release|Any CPU.ActiveCfg = Release|Any CPU
		{6F8EB51C-1DF7-4720-902E-DC0E52588D99}.Release|Any CPU.Build.0 = Release|Any CPU
		{E208E573-73EB-4052-9F7B-BF2080FC9BC6}.Debug|Any CPU.ActiveCfg = Debug|Any CPU
		{E208E573-73EB-4052-9F7B-BF2080FC9BC6}.Debug|Any CPU.Build.0 = Debug|Any CPU
		{E208E573-73EB-4052-9F7B-BF2080FC9BC6}.Release|Any CPU.ActiveCfg = Release|Any CPU
		{E208E573-73EB-4052-9F7B-BF2080FC9BC6}.Release|Any CPU.Build.0 = Release|Any CPU
		{EFB55CF1-5516-4E79-8F69-E4B936A6EB22}.Debug|Any CPU.ActiveCfg = Debug|Any CPU
		{EFB55CF1-5516-4E79-8F69-E4B936A6EB22}.Debug|Any CPU.Build.0 = Debug|Any CPU
		{EFB55CF1-5516-4E79-8F69-E4B936A6EB22}.Release|Any CPU.ActiveCfg = Release|Any CPU
		{EFB55CF1-5516-4E79-8F69-E4B936A6EB22}.Release|Any CPU.Build.0 = Release|Any CPU
		{E6C2494C-D17A-4E96-B61A-F4C01A97388A}.Debug|Any CPU.ActiveCfg = Debug|Any CPU
		{E6C2494C-D17A-4E96-B61A-F4C01A97388A}.Debug|Any CPU.Build.0 = Debug|Any CPU
		{E6C2494C-D17A-4E96-B61A-F4C01A97388A}.Release|Any CPU.ActiveCfg = Release|Any CPU
		{E6C2494C-D17A-4E96-B61A-F4C01A97388A}.Release|Any CPU.Build.0 = Release|Any CPU
		{5BDA3300-BB25-4FB7-95AC-5C5190107D9D}.Debug|Any CPU.ActiveCfg = Debug|Any CPU
		{5BDA3300-BB25-4FB7-95AC-5C5190107D9D}.Debug|Any CPU.Build.0 = Debug|Any CPU
		{5BDA3300-BB25-4FB7-95AC-5C5190107D9D}.Release|Any CPU.ActiveCfg = Release|Any CPU
		{5BDA3300-BB25-4FB7-95AC-5C5190107D9D}.Release|Any CPU.Build.0 = Release|Any CPU
		{7662C332-916C-43C5-92CE-2669BFC9CFDA}.Debug|Any CPU.ActiveCfg = Debug|Any CPU
		{7662C332-916C-43C5-92CE-2669BFC9CFDA}.Debug|Any CPU.Build.0 = Debug|Any CPU
		{7662C332-916C-43C5-92CE-2669BFC9CFDA}.Release|Any CPU.ActiveCfg = Release|Any CPU
		{7662C332-916C-43C5-92CE-2669BFC9CFDA}.Release|Any CPU.Build.0 = Release|Any CPU
		{16D4EC1F-557D-4898-B8A3-EC1860607699}.Debug|Any CPU.ActiveCfg = Debug|Any CPU
		{16D4EC1F-557D-4898-B8A3-EC1860607699}.Debug|Any CPU.Build.0 = Debug|Any CPU
		{16D4EC1F-557D-4898-B8A3-EC1860607699}.Release|Any CPU.ActiveCfg = Release|Any CPU
		{16D4EC1F-557D-4898-B8A3-EC1860607699}.Release|Any CPU.Build.0 = Release|Any CPU
		{F7748671-C4AC-408A-809F-EFE5E4F36B50}.Debug|Any CPU.ActiveCfg = Debug|Any CPU
		{F7748671-C4AC-408A-809F-EFE5E4F36B50}.Debug|Any CPU.Build.0 = Debug|Any CPU
		{F7748671-C4AC-408A-809F-EFE5E4F36B50}.Release|Any CPU.ActiveCfg = Release|Any CPU
		{F7748671-C4AC-408A-809F-EFE5E4F36B50}.Release|Any CPU.Build.0 = Release|Any CPU
	EndGlobalSection
	GlobalSection(SolutionProperties) = preSolution
		HideSolutionNode = FALSE
	EndGlobalSection
	GlobalSection(NestedProjects) = preSolution
		{85291093-06C6-4585-A47B-5970891D0833} = {872467B1-BC87-476B-BCF7-8F0187B59C5F}
		{593A8654-0641-4AD7-A6EC-59D680FFA997} = {872467B1-BC87-476B-BCF7-8F0187B59C5F}
		{0267801E-38A8-410B-8834-8C3C00AC5C5D} = {872467B1-BC87-476B-BCF7-8F0187B59C5F}
		{7A1AADD9-5314-47DF-B627-9960245162EE} = {9E260617-DA0E-4C43-9B35-BA828A926053}
		{47F87E29-9BC1-493D-9579-8CA630999F67} = {9E260617-DA0E-4C43-9B35-BA828A926053}
		{E4B1105A-2DB6-48DA-AAC9-00081BA37B03} = {1F5AC4CE-1C73-4DFB-A46D-19DDE29721D2}
		{D216F417-D0BD-4C65-9780-FE77A16BA033} = {9E260617-DA0E-4C43-9B35-BA828A926053}
		{A17E45EE-7B75-4F7D-8ECB-DA7D40D13E72} = {9E260617-DA0E-4C43-9B35-BA828A926053}
		{56B82B95-E316-482A-9C24-C5998F668919} = {9E260617-DA0E-4C43-9B35-BA828A926053}
		{1BE1B526-6C91-4006-9E11-8E71CF326C6D} = {9E260617-DA0E-4C43-9B35-BA828A926053}
		{85050D72-DD6F-422C-84EE-0C7B7FBAEB3B} = {9E260617-DA0E-4C43-9B35-BA828A926053}
		{3C9A4E7D-FA63-433A-AD24-B8793F2C707D} = {FCF3D218-4381-4E88-B572-7A0335C5A1FD}
		{A7A1BF71-7527-44C2-A07D-59B751D9A001} = {FCF3D218-4381-4E88-B572-7A0335C5A1FD}
		{CF30FFF9-08AF-45CC-AA1C-5FF9CC16F5AB} = {FCF3D218-4381-4E88-B572-7A0335C5A1FD}
		{BA9B9CB3-7858-4FB5-B51B-5BF92D15FDF7} = {FCF3D218-4381-4E88-B572-7A0335C5A1FD}
		{C5241CE8-DA0D-42EA-90E6-77173FE08A00} = {FCF3D218-4381-4E88-B572-7A0335C5A1FD}
		{3C008F8B-9D73-4CBA-8DCD-82D24440087A} = {D42291D0-EB37-4A9C-9E99-AD384D4D942D}
		{D7295D4A-1241-4708-AF86-F28956F79F71} = {D42291D0-EB37-4A9C-9E99-AD384D4D942D}
		{E97EA4B4-99CE-4903-B3ED-BD7B795C875E} = {D42291D0-EB37-4A9C-9E99-AD384D4D942D}
		{4DD0BC86-FB2A-4099-81A5-4924B8AEC36F} = {8CE88E0D-728D-48B6-A529-930B3C4A06D5}
		{B8C35294-D838-4AF0-BF3C-CBEC05331E87} = {8CE88E0D-728D-48B6-A529-930B3C4A06D5}
		{F666E533-80EB-4703-B021-D2C306777D8A} = {8CE88E0D-728D-48B6-A529-930B3C4A06D5}
		{C05C6936-739D-4182-80BD-102BD9A7C8E2} = {8CE88E0D-728D-48B6-A529-930B3C4A06D5}
		{0300C885-5C19-4DBB-B3F4-8CA1ACF11168} = {8CE88E0D-728D-48B6-A529-930B3C4A06D5}
		{BBB96CC7-50CB-4BF7-A345-33EC70583A07} = {8CE88E0D-728D-48B6-A529-930B3C4A06D5}
		{E5E194A0-0AF5-43E2-AD13-8D73AEA2B838} = {8CE88E0D-728D-48B6-A529-930B3C4A06D5}
		{46551BC4-3365-4609-A10D-C8281CBE590E} = {5DD88E5D-1698-4D09-AB47-E8F6C0F114EE}
		{9D286E26-9EBA-45FA-9A5B-0A87AF67EB76} = {5DD88E5D-1698-4D09-AB47-E8F6C0F114EE}
		{DA2BDDA4-DC2A-4808-A42C-E05FF359C0FD} = {5DD88E5D-1698-4D09-AB47-E8F6C0F114EE}
		{A387D1D2-359C-4A3A-A564-F1CD9D5E4933} = {5DD88E5D-1698-4D09-AB47-E8F6C0F114EE}
		{99F2F714-5B29-4D46-9C7A-6DC998A4B13E} = {5DD88E5D-1698-4D09-AB47-E8F6C0F114EE}
		{742E982C-9E69-4662-AAB9-4F905A8FFDFB} = {592ACB27-4F8B-4410-92DF-C220F5A0A8C5}
		{B13B26A2-4EB8-4DEB-8554-67A64831596E} = {592ACB27-4F8B-4410-92DF-C220F5A0A8C5}
		{39CBF5AA-E2ED-4F0E-B80C-E1E865766268} = {592ACB27-4F8B-4410-92DF-C220F5A0A8C5}
		{391A5DE9-FE1D-4594-8120-C19E8A0755A9} = {592ACB27-4F8B-4410-92DF-C220F5A0A8C5}
		{6F8EB51C-1DF7-4720-902E-DC0E52588D99} = {D4CD5B38-CD0F-4DCD-89DD-57DAAACCA8C7}
		{E208E573-73EB-4052-9F7B-BF2080FC9BC6} = {D4CD5B38-CD0F-4DCD-89DD-57DAAACCA8C7}
		{EFB55CF1-5516-4E79-8F69-E4B936A6EB22} = {D4CD5B38-CD0F-4DCD-89DD-57DAAACCA8C7}
		{E6C2494C-D17A-4E96-B61A-F4C01A97388A} = {FE320E2F-95DA-4D1F-8E95-1B08A6795626}
		{5BDA3300-BB25-4FB7-95AC-5C5190107D9D} = {DACC42EC-DBF9-4DA0-914C-15FF3E8FE7BE}
		{7662C332-916C-43C5-92CE-2669BFC9CFDA} = {818DAF29-A166-4F5C-AFE3-781DB916B677}
		{16D4EC1F-557D-4898-B8A3-EC1860607699} = {49D9156C-A531-4B61-9770-DE7C708DA212}
		{F7748671-C4AC-408A-809F-EFE5E4F36B50} = {49D9156C-A531-4B61-9770-DE7C708DA212}
	EndGlobalSection
	GlobalSection(ExtensibilityGlobals) = postSolution
		SolutionGuid = {D7B6BC67-986C-4A2E-99D4-2EEFBDC838A3}
	EndGlobalSection
EndGlobal
