
Microsoft Visual Studio Solution File, Format Version 12.00
# Visual Studio Version 17
VisualStudioVersion = 17.11.35303.130
MinimumVisualStudioVersion = 10.0.40219.1
Project("{FAE04EC0-301F-11D3-BF4B-00C04F79EFBC}") = "Teszt", "Teszt\Teszt.csproj", "{85291093-06C6-4585-A47B-5970891D0833}"
EndProject
Project("{FAE04EC0-301F-11D3-BF4B-00C04F79EFBC}") = "Rendezes", "Rendezés\Rendezes.csproj", "{593A8654-0641-4AD7-A6EC-59D680FFA997}"
EndProject
Project("{FAE04EC0-301F-11D3-BF4B-00C04F79EFBC}") = "Rendez", "Rendez\Rendez.csproj", "{0267801E-38A8-410B-8834-8C3C00AC5C5D}"
EndProject
Project("{2150E333-8FDC-42A3-9474-1A3956D46DE8}") = "ReiterLépés", "ReiterLépés", "{9E260617-DA0E-4C43-9B35-BA828A926053}"
EndProject
Project("{FAE04EC0-301F-11D3-BF4B-00C04F79EFBC}") = "Szorzótábla", "Szorzótábla\Szorzótábla.csproj", "{7A1AADD9-5314-47DF-B627-9960245162EE}"
EndProject
Project("{FAE04EC0-301F-11D3-BF4B-00C04F79EFBC}") = "Kalkulátor", "Kalkulátor\Kalkulátor.csproj", "{47F87E29-9BC1-493D-9579-8CA630999F67}"
EndProject
Project("{FAE04EC0-301F-11D3-BF4B-00C04F79EFBC}") = "PrePlusz", "PrePlusz\PrePlusz.csproj", "{E4B1105A-2DB6-48DA-AAC9-00081BA37B03}"
EndProject
Project("{FAE04EC0-301F-11D3-BF4B-00C04F79EFBC}") = "KőPapírOlló", "KőPapírOlló\KőPapírOlló.csproj", "{D216F417-D0BD-4C65-9780-FE77A16BA033}"
EndProject
Project("{FAE04EC0-301F-11D3-BF4B-00C04F79EFBC}") = "Számkitaláló", "Számkitaláló\Számkitaláló.csproj", "{A17E45EE-7B75-4F7D-8ECB-DA7D40D13E72}"
EndProject
Project("{FAE04EC0-301F-11D3-BF4B-00C04F79EFBC}") = "11-MinMax", "11-MinMax\11-MinMax.csproj", "{56B82B95-E316-482A-9C24-C5998F668919}"
EndProject
Project("{FAE04EC0-301F-11D3-BF4B-00C04F79EFBC}") = "Szigetek", "Szigetek\Szigetek.csproj", "{1BE1B526-6C91-4006-9E11-8E71CF326C6D}"
EndProject
Project("{FAE04EC0-301F-11D3-BF4B-00C04F79EFBC}") = "Hőmérséklet", "Hőmérséklet\Hőmérséklet.csproj", "{85050D72-DD6F-422C-84EE-0C7B7FBAEB3B}"
EndProject
Project("{2150E333-8FDC-42A3-9474-1A3956D46DE8}") = "2024-11-29", "2024-11-29", "{D42291D0-EB37-4A9C-9E99-AD384D4D942D}"
EndProject
Project("{2150E333-8FDC-42A3-9474-1A3956D46DE8}") = "2024-12-11", "2024-12-11", "{8CE88E0D-728D-48B6-A529-930B3C4A06D5}"
EndProject
Project("{2150E333-8FDC-42A3-9474-1A3956D46DE8}") = "2024-12-11-2", "2024-12-11-2", "{5DD88E5D-1698-4D09-AB47-E8F6C0F114EE}"
EndProject
Project("{2150E333-8FDC-42A3-9474-1A3956D46DE8}") = "2024-12-13", "2024-12-13", "{FCF3D218-4381-4E88-B572-7A0335C5A1FD}"
EndProject
Project("{2150E333-8FDC-42A3-9474-1A3956D46DE8}") = "2024-10-18", "2024-10-18", "{872467B1-BC87-476B-BCF7-8F0187B59C5F}"
EndProject
Project("{2150E333-8FDC-42A3-9474-1A3956D46DE8}") = "2024-10-25", "2024-10-25", "{1F5AC4CE-1C73-4DFB-A46D-19DDE29721D2}"
EndProject
Project("{FAE04EC0-301F-11D3-BF4B-00C04F79EFBC}") = "Szamsor", "Szamsor\Szamsor.csproj", "{3C9A4E7D-FA63-433A-AD24-B8793F2C707D}"
EndProject
Project("{FAE04EC0-301F-11D3-BF4B-00C04F79EFBC}") = "ParosSzamok", "ParosSzamok\ParosSzamok.csproj", "{A7A1BF71-7527-44C2-A07D-59B751D9A001}"
EndProject
Project("{FAE04EC0-301F-11D3-BF4B-00C04F79EFBC}") = "Osszegek", "Osszegek\Osszegek.csproj", "{CF30FFF9-08AF-45CC-AA1C-5FF9CC16F5AB}"
EndProject
Project("{FAE04EC0-301F-11D3-BF4B-00C04F79EFBC}") = "SzorzoTabla", "SzorzoTabla\SzorzoTabla.csproj", "{BA9B9CB3-7858-4FB5-B51B-5BF92D15FDF7}"
EndProject
Project("{FAE04EC0-301F-11D3-BF4B-00C04F79EFBC}") = "ForDitva", "ForDitva\ForDitva.csproj", "{C5241CE8-DA0D-42EA-90E6-77173FE08A00}"
EndProject
Global
	GlobalSection(SolutionConfigurationPlatforms) = preSolution
		Debug|Any CPU = Debug|Any CPU
		Release|Any CPU = Release|Any CPU
	EndGlobalSection
	GlobalSection(ProjectConfigurationPlatforms) = postSolution
		{85291093-06C6-4585-A47B-5970891D0833}.Debug|Any CPU.ActiveCfg = Debug|Any CPU
		{85291093-06C6-4585-A47B-5970891D0833}.Debug|Any CPU.Build.0 = Debug|Any CPU
		{85291093-06C6-4585-A47B-5970891D0833}.Release|Any CPU.ActiveCfg = Release|Any CPU
		{85291093-06C6-4585-A47B-5970891D0833}.Release|Any CPU.Build.0 = Release|Any CPU
		{593A8654-0641-4AD7-A6EC-59D680FFA997}.Debug|Any CPU.ActiveCfg = Debug|Any CPU
		{593A8654-0641-4AD7-A6EC-59D680FFA997}.Debug|Any CPU.Build.0 = Debug|Any CPU
		{593A8654-0641-4AD7-A6EC-59D680FFA997}.Release|Any CPU.ActiveCfg = Release|Any CPU
		{593A8654-0641-4AD7-A6EC-59D680FFA997}.Release|Any CPU.Build.0 = Release|Any CPU
		{0267801E-38A8-410B-8834-8C3C00AC5C5D}.Debug|Any CPU.ActiveCfg = Debug|Any CPU
		{0267801E-38A8-410B-8834-8C3C00AC5C5D}.Debug|Any CPU.Build.0 = Debug|Any CPU
		{0267801E-38A8-410B-8834-8C3C00AC5C5D}.Release|Any CPU.ActiveCfg = Release|Any CPU
		{0267801E-38A8-410B-8834-8C3C00AC5C5D}.Release|Any CPU.Build.0 = Release|Any CPU
		{7A1AADD9-5314-47DF-B627-9960245162EE}.Debug|Any CPU.ActiveCfg = Debug|Any CPU
		{7A1AADD9-5314-47DF-B627-9960245162EE}.Debug|Any CPU.Build.0 = Debug|Any CPU
		{7A1AADD9-5314-47DF-B627-9960245162EE}.Release|Any CPU.ActiveCfg = Release|Any CPU
		{7A1AADD9-5314-47DF-B627-9960245162EE}.Release|Any CPU.Build.0 = Release|Any CPU
		{47F87E29-9BC1-493D-9579-8CA630999F67}.Debug|Any CPU.ActiveCfg = Debug|Any CPU
		{47F87E29-9BC1-493D-9579-8CA630999F67}.Debug|Any CPU.Build.0 = Debug|Any CPU
		{47F87E29-9BC1-493D-9579-8CA630999F67}.Release|Any CPU.ActiveCfg = Release|Any CPU
		{47F87E29-9BC1-493D-9579-8CA630999F67}.Release|Any CPU.Build.0 = Release|Any CPU
		{E4B1105A-2DB6-48DA-AAC9-00081BA37B03}.Debug|Any CPU.ActiveCfg = Debug|Any CPU
		{E4B1105A-2DB6-48DA-AAC9-00081BA37B03}.Debug|Any CPU.Build.0 = Debug|Any CPU
		{E4B1105A-2DB6-48DA-AAC9-00081BA37B03}.Release|Any CPU.ActiveCfg = Release|Any CPU
		{E4B1105A-2DB6-48DA-AAC9-00081BA37B03}.Release|Any CPU.Build.0 = Release|Any CPU
		{D216F417-D0BD-4C65-9780-FE77A16BA033}.Debug|Any CPU.ActiveCfg = Debug|Any CPU
		{D216F417-D0BD-4C65-9780-FE77A16BA033}.Debug|Any CPU.Build.0 = Debug|Any CPU
		{D216F417-D0BD-4C65-9780-FE77A16BA033}.Release|Any CPU.ActiveCfg = Release|Any CPU
		{D216F417-D0BD-4C65-9780-FE77A16BA033}.Release|Any CPU.Build.0 = Release|Any CPU
		{A17E45EE-7B75-4F7D-8ECB-DA7D40D13E72}.Debug|Any CPU.ActiveCfg = Debug|Any CPU
		{A17E45EE-7B75-4F7D-8ECB-DA7D40D13E72}.Debug|Any CPU.Build.0 = Debug|Any CPU
		{A17E45EE-7B75-4F7D-8ECB-DA7D40D13E72}.Release|Any CPU.ActiveCfg = Release|Any CPU
		{A17E45EE-7B75-4F7D-8ECB-DA7D40D13E72}.Release|Any CPU.Build.0 = Release|Any CPU
		{56B82B95-E316-482A-9C24-C5998F668919}.Debug|Any CPU.ActiveCfg = Debug|Any CPU
		{56B82B95-E316-482A-9C24-C5998F668919}.Debug|Any CPU.Build.0 = Debug|Any CPU
		{56B82B95-E316-482A-9C24-C5998F668919}.Release|Any CPU.ActiveCfg = Release|Any CPU
		{56B82B95-E316-482A-9C24-C5998F668919}.Release|Any CPU.Build.0 = Release|Any CPU
		{1BE1B526-6C91-4006-9E11-8E71CF326C6D}.Debug|Any CPU.ActiveCfg = Debug|Any CPU
		{1BE1B526-6C91-4006-9E11-8E71CF326C6D}.Debug|Any CPU.Build.0 = Debug|Any CPU
		{1BE1B526-6C91-4006-9E11-8E71CF326C6D}.Release|Any CPU.ActiveCfg = Release|Any CPU
		{1BE1B526-6C91-4006-9E11-8E71CF326C6D}.Release|Any CPU.Build.0 = Release|Any CPU
		{85050D72-DD6F-422C-84EE-0C7B7FBAEB3B}.Debug|Any CPU.ActiveCfg = Debug|Any CPU
		{85050D72-DD6F-422C-84EE-0C7B7FBAEB3B}.Debug|Any CPU.Build.0 = Debug|Any CPU
		{85050D72-DD6F-422C-84EE-0C7B7FBAEB3B}.Release|Any CPU.ActiveCfg = Release|Any CPU
		{85050D72-DD6F-422C-84EE-0C7B7FBAEB3B}.Release|Any CPU.Build.0 = Release|Any CPU
		{3C9A4E7D-FA63-433A-AD24-B8793F2C707D}.Debug|Any CPU.ActiveCfg = Debug|Any CPU
		{3C9A4E7D-FA63-433A-AD24-B8793F2C707D}.Debug|Any CPU.Build.0 = Debug|Any CPU
		{3C9A4E7D-FA63-433A-AD24-B8793F2C707D}.Release|Any CPU.ActiveCfg = Release|Any CPU
		{3C9A4E7D-FA63-433A-AD24-B8793F2C707D}.Release|Any CPU.Build.0 = Release|Any CPU
		{A7A1BF71-7527-44C2-A07D-59B751D9A001}.Debug|Any CPU.ActiveCfg = Debug|Any CPU
		{A7A1BF71-7527-44C2-A07D-59B751D9A001}.Debug|Any CPU.Build.0 = Debug|Any CPU
		{A7A1BF71-7527-44C2-A07D-59B751D9A001}.Release|Any CPU.ActiveCfg = Release|Any CPU
		{A7A1BF71-7527-44C2-A07D-59B751D9A001}.Release|Any CPU.Build.0 = Release|Any CPU
		{CF30FFF9-08AF-45CC-AA1C-5FF9CC16F5AB}.Debug|Any CPU.ActiveCfg = Debug|Any CPU
		{CF30FFF9-08AF-45CC-AA1C-5FF9CC16F5AB}.Debug|Any CPU.Build.0 = Debug|Any CPU
		{CF30FFF9-08AF-45CC-AA1C-5FF9CC16F5AB}.Release|Any CPU.ActiveCfg = Release|Any CPU
		{CF30FFF9-08AF-45CC-AA1C-5FF9CC16F5AB}.Release|Any CPU.Build.0 = Release|Any CPU
		{BA9B9CB3-7858-4FB5-B51B-5BF92D15FDF7}.Debug|Any CPU.ActiveCfg = Debug|Any CPU
		{BA9B9CB3-7858-4FB5-B51B-5BF92D15FDF7}.Debug|Any CPU.Build.0 = Debug|Any CPU
		{BA9B9CB3-7858-4FB5-B51B-5BF92D15FDF7}.Release|Any CPU.ActiveCfg = Release|Any CPU
		{BA9B9CB3-7858-4FB5-B51B-5BF92D15FDF7}.Release|Any CPU.Build.0 = Release|Any CPU
		{C5241CE8-DA0D-42EA-90E6-77173FE08A00}.Debug|Any CPU.ActiveCfg = Debug|Any CPU
		{C5241CE8-DA0D-42EA-90E6-77173FE08A00}.Debug|Any CPU.Build.0 = Debug|Any CPU
		{C5241CE8-DA0D-42EA-90E6-77173FE08A00}.Release|Any CPU.ActiveCfg = Release|Any CPU
		{C5241CE8-DA0D-42EA-90E6-77173FE08A00}.Release|Any CPU.Build.0 = Release|Any CPU
	EndGlobalSection
	GlobalSection(SolutionProperties) = preSolution
		HideSolutionNode = FALSE
	EndGlobalSection
	GlobalSection(NestedProjects) = preSolution
		{85291093-06C6-4585-A47B-5970891D0833} = {872467B1-BC87-476B-BCF7-8F0187B59C5F}
		{593A8654-0641-4AD7-A6EC-59D680FFA997} = {872467B1-BC87-476B-BCF7-8F0187B59C5F}
		{0267801E-38A8-410B-8834-8C3C00AC5C5D} = {872467B1-BC87-476B-BCF7-8F0187B59C5F}
		{7A1AADD9-5314-47DF-B627-9960245162EE} = {9E260617-DA0E-4C43-9B35-BA828A926053}
		{47F87E29-9BC1-493D-9579-8CA630999F67} = {9E260617-DA0E-4C43-9B35-BA828A926053}
		{E4B1105A-2DB6-48DA-AAC9-00081BA37B03} = {1F5AC4CE-1C73-4DFB-A46D-19DDE29721D2}
		{D216F417-D0BD-4C65-9780-FE77A16BA033} = {9E260617-DA0E-4C43-9B35-BA828A926053}
		{A17E45EE-7B75-4F7D-8ECB-DA7D40D13E72} = {9E260617-DA0E-4C43-9B35-BA828A926053}
		{56B82B95-E316-482A-9C24-C5998F668919} = {9E260617-DA0E-4C43-9B35-BA828A926053}
		{1BE1B526-6C91-4006-9E11-8E71CF326C6D} = {9E260617-DA0E-4C43-9B35-BA828A926053}
		{85050D72-DD6F-422C-84EE-0C7B7FBAEB3B} = {9E260617-DA0E-4C43-9B35-BA828A926053}
		{3C9A4E7D-FA63-433A-AD24-B8793F2C707D} = {FCF3D218-4381-4E88-B572-7A0335C5A1FD}
		{A7A1BF71-7527-44C2-A07D-59B751D9A001} = {FCF3D218-4381-4E88-B572-7A0335C5A1FD}
		{CF30FFF9-08AF-45CC-AA1C-5FF9CC16F5AB} = {FCF3D218-4381-4E88-B572-7A0335C5A1FD}
		{BA9B9CB3-7858-4FB5-B51B-5BF92D15FDF7} = {FCF3D218-4381-4E88-B572-7A0335C5A1FD}
		{C5241CE8-DA0D-42EA-90E6-77173FE08A00} = {FCF3D218-4381-4E88-B572-7A0335C5A1FD}
	EndGlobalSection
	GlobalSection(ExtensibilityGlobals) = postSolution
		SolutionGuid = {D7B6BC67-986C-4A2E-99D4-2EEFBDC838A3}
	EndGlobalSection
EndGlobal
